// !$*UTF8*$!
{
	archiveVersion = 1;
	classes = {
	};
	objectVersion = 52;
	objects = {

/* Begin PBXBuildFile section */
		B2E6506F27801D15001574B8 /* AppDelegate.swift in Sources */ = {isa = PBXBuildFile; fileRef = B2E6506E27801D15001574B8 /* AppDelegate.swift */; };
		B2E6507827801D15001574B8 /* Assets.xcassets in Resources */ = {isa = PBXBuildFile; fileRef = B2E6507727801D15001574B8 /* Assets.xcassets */; };
		B2E6507B27801D15001574B8 /* LaunchScreen.storyboard in Resources */ = {isa = PBXBuildFile; fileRef = B2E6507927801D15001574B8 /* LaunchScreen.storyboard */; };
		B2E6508927801DA4001574B8 /* Helper+Ext.swift in Sources */ = {isa = PBXBuildFile; fileRef = B2E6508727801DA3001574B8 /* Helper+Ext.swift */; };
		B2E6508A27801DA4001574B8 /* UIView.swift in Sources */ = {isa = PBXBuildFile; fileRef = B2E6508827801DA3001574B8 /* UIView.swift */; };
		B2E6509127801DC4001574B8 /* Constant.swift in Sources */ = {isa = PBXBuildFile; fileRef = B2E6508E27801DC4001574B8 /* Constant.swift */; };
		B2E6509227801DC4001574B8 /* BetterSnappingLayout.swift in Sources */ = {isa = PBXBuildFile; fileRef = B2E6508F27801DC4001574B8 /* BetterSnappingLayout.swift */; };
		B2E6509327801DC4001574B8 /* ResoneError.swift in Sources */ = {isa = PBXBuildFile; fileRef = B2E6509027801DC4001574B8 /* ResoneError.swift */; };
		B2E650A027801E2C001574B8 /* NetworkManger.swift in Sources */ = {isa = PBXBuildFile; fileRef = B2E6509F27801E2C001574B8 /* NetworkManger.swift */; };
		B2E650A427801E36001574B8 /* SearchResult.swift in Sources */ = {isa = PBXBuildFile; fileRef = B2E650A227801E36001574B8 /* SearchResult.swift */; };
		B2E650A527801E36001574B8 /* DataResult.swift in Sources */ = {isa = PBXBuildFile; fileRef = B2E650A327801E36001574B8 /* DataResult.swift */; };
		B2E650AC27801EAB001574B8 /* SearchVC.swift in Sources */ = {isa = PBXBuildFile; fileRef = B2E650A927801EAB001574B8 /* SearchVC.swift */; };
		B2E650AD27801EAB001574B8 /* SearchVCSearchDelegate+Ext.swift in Sources */ = {isa = PBXBuildFile; fileRef = B2E650AA27801EAB001574B8 /* SearchVCSearchDelegate+Ext.swift */; };
		B2E650AE27801EAB001574B8 /* SearchVCTableView+Ext.swift in Sources */ = {isa = PBXBuildFile; fileRef = B2E650AB27801EAB001574B8 /* SearchVCTableView+Ext.swift */; };
		B2E650B427801ED0001574B8 /* SearchDetails.swift in Sources */ = {isa = PBXBuildFile; fileRef = B2E650B227801ED0001574B8 /* SearchDetails.swift */; };
		B2E650B527801ED0001574B8 /* SearchDetailsCollectionView+Ext.swift in Sources */ = {isa = PBXBuildFile; fileRef = B2E650B327801ED0001574B8 /* SearchDetailsCollectionView+Ext.swift */; };
		B2E650B927801EEF001574B8 /* SearchCell.swift in Sources */ = {isa = PBXBuildFile; fileRef = B2E650B727801EEF001574B8 /* SearchCell.swift */; };
		B2E650BA27801EEF001574B8 /* SearchCell.xib in Resources */ = {isa = PBXBuildFile; fileRef = B2E650B827801EEF001574B8 /* SearchCell.xib */; };
		B2E650C027801EF9001574B8 /* SearchDetailsCell.swift in Sources */ = {isa = PBXBuildFile; fileRef = B2E650BC27801EF9001574B8 /* SearchDetailsCell.swift */; };
		B2E650C327801EF9001574B8 /* SearchDetailsCell.xib in Resources */ = {isa = PBXBuildFile; fileRef = B2E650BF27801EF9001574B8 /* SearchDetailsCell.xib */; };
		B2E650D127801F53001574B8 /* Search.storyboard in Resources */ = {isa = PBXBuildFile; fileRef = B2E650D027801F52001574B8 /* Search.storyboard */; };
		B2F25F8C27816D50003D8E48 /* IQKeyboardManagerSwift in Frameworks */ = {isa = PBXBuildFile; productRef = B2F25F8B27816D50003D8E48 /* IQKeyboardManagerSwift */; };
		B2F25F9027816D73003D8E48 /* Toast in Frameworks */ = {isa = PBXBuildFile; productRef = B2F25F8F27816D73003D8E48 /* Toast */; };
		B2F25F9427816DAB003D8E48 /* SDWebImage in Frameworks */ = {isa = PBXBuildFile; productRef = B2F25F9327816DAB003D8E48 /* SDWebImage */; };
		B2F25F9927816E0B003D8E48 /* string+EXT.swift in Sources */ = {isa = PBXBuildFile; fileRef = B2F25F9727816E0B003D8E48 /* string+EXT.swift */; };
		B2F25F9A27816E0B003D8E48 /* date+EXT.swift in Sources */ = {isa = PBXBuildFile; fileRef = B2F25F9827816E0B003D8E48 /* date+EXT.swift */; };
/* End PBXBuildFile section */

/* Begin PBXFileReference section */
		B2E6506B27801D14001574B8 /* The Same  Search Apple Music.app */ = {isa = PBXFileReference; explicitFileType = wrapper.application; includeInIndex = 0; path = "The Same  Search Apple Music.app"; sourceTree = BUILT_PRODUCTS_DIR; };
		B2E6506E27801D15001574B8 /* AppDelegate.swift */ = {isa = PBXFileReference; lastKnownFileType = sourcecode.swift; path = AppDelegate.swift; sourceTree = "<group>"; };
		B2E6507727801D15001574B8 /* Assets.xcassets */ = {isa = PBXFileReference; lastKnownFileType = folder.assetcatalog; path = Assets.xcassets; sourceTree = "<group>"; };
		B2E6507A27801D15001574B8 /* Base */ = {isa = PBXFileReference; lastKnownFileType = file.storyboard; name = Base; path = Base.lproj/LaunchScreen.storyboard; sourceTree = "<group>"; };
		B2E6507C27801D15001574B8 /* Info.plist */ = {isa = PBXFileReference; lastKnownFileType = text.plist.xml; path = Info.plist; sourceTree = "<group>"; };
		B2E6508727801DA3001574B8 /* Helper+Ext.swift */ = {isa = PBXFileReference; fileEncoding = 4; lastKnownFileType = sourcecode.swift; path = "Helper+Ext.swift"; sourceTree = "<group>"; };
		B2E6508827801DA3001574B8 /* UIView.swift */ = {isa = PBXFileReference; fileEncoding = 4; lastKnownFileType = sourcecode.swift; path = UIView.swift; sourceTree = "<group>"; };
		B2E6508E27801DC4001574B8 /* Constant.swift */ = {isa = PBXFileReference; fileEncoding = 4; lastKnownFileType = sourcecode.swift; path = Constant.swift; sourceTree = "<group>"; };
		B2E6508F27801DC4001574B8 /* BetterSnappingLayout.swift */ = {isa = PBXFileReference; fileEncoding = 4; lastKnownFileType = sourcecode.swift; path = BetterSnappingLayout.swift; sourceTree = "<group>"; };
		B2E6509027801DC4001574B8 /* ResoneError.swift */ = {isa = PBXFileReference; fileEncoding = 4; lastKnownFileType = sourcecode.swift; path = ResoneError.swift; sourceTree = "<group>"; };
		B2E6509F27801E2C001574B8 /* NetworkManger.swift */ = {isa = PBXFileReference; fileEncoding = 4; lastKnownFileType = sourcecode.swift; path = NetworkManger.swift; sourceTree = "<group>"; };
		B2E650A227801E36001574B8 /* SearchResult.swift */ = {isa = PBXFileReference; fileEncoding = 4; lastKnownFileType = sourcecode.swift; path = SearchResult.swift; sourceTree = "<group>"; };
		B2E650A327801E36001574B8 /* DataResult.swift */ = {isa = PBXFileReference; fileEncoding = 4; lastKnownFileType = sourcecode.swift; path = DataResult.swift; sourceTree = "<group>"; };
		B2E650A927801EAB001574B8 /* SearchVC.swift */ = {isa = PBXFileReference; fileEncoding = 4; lastKnownFileType = sourcecode.swift; path = SearchVC.swift; sourceTree = "<group>"; };
		B2E650AA27801EAB001574B8 /* SearchVCSearchDelegate+Ext.swift */ = {isa = PBXFileReference; fileEncoding = 4; lastKnownFileType = sourcecode.swift; path = "SearchVCSearchDelegate+Ext.swift"; sourceTree = "<group>"; };
		B2E650AB27801EAB001574B8 /* SearchVCTableView+Ext.swift */ = {isa = PBXFileReference; fileEncoding = 4; lastKnownFileType = sourcecode.swift; path = "SearchVCTableView+Ext.swift"; sourceTree = "<group>"; };
		B2E650B227801ED0001574B8 /* SearchDetails.swift */ = {isa = PBXFileReference; fileEncoding = 4; lastKnownFileType = sourcecode.swift; path = SearchDetails.swift; sourceTree = "<group>"; };
		B2E650B327801ED0001574B8 /* SearchDetailsCollectionView+Ext.swift */ = {isa = PBXFileReference; fileEncoding = 4; lastKnownFileType = sourcecode.swift; path = "SearchDetailsCollectionView+Ext.swift"; sourceTree = "<group>"; };
		B2E650B727801EEF001574B8 /* SearchCell.swift */ = {isa = PBXFileReference; fileEncoding = 4; lastKnownFileType = sourcecode.swift; path = SearchCell.swift; sourceTree = "<group>"; };
		B2E650B827801EEF001574B8 /* SearchCell.xib */ = {isa = PBXFileReference; fileEncoding = 4; lastKnownFileType = file.xib; path = SearchCell.xib; sourceTree = "<group>"; };
		B2E650BC27801EF9001574B8 /* SearchDetailsCell.swift */ = {isa = PBXFileReference; fileEncoding = 4; lastKnownFileType = sourcecode.swift; path = SearchDetailsCell.swift; sourceTree = "<group>"; };
		B2E650BF27801EF9001574B8 /* SearchDetailsCell.xib */ = {isa = PBXFileReference; fileEncoding = 4; lastKnownFileType = file.xib; path = SearchDetailsCell.xib; sourceTree = "<group>"; };
		B2E650D027801F52001574B8 /* Search.storyboard */ = {isa = PBXFileReference; fileEncoding = 4; lastKnownFileType = file.storyboard; path = Search.storyboard; sourceTree = "<group>"; };
		B2F25F9727816E0B003D8E48 /* string+EXT.swift */ = {isa = PBXFileReference; fileEncoding = 4; lastKnownFileType = sourcecode.swift; path = "string+EXT.swift"; sourceTree = "<group>"; };
		B2F25F9827816E0B003D8E48 /* date+EXT.swift */ = {isa = PBXFileReference; fileEncoding = 4; lastKnownFileType = sourcecode.swift; path = "date+EXT.swift"; sourceTree = "<group>"; };
/* End PBXFileReference section */

/* Begin PBXFrameworksBuildPhase section */
		B2E6506827801D14001574B8 /* Frameworks */ = {
			isa = PBXFrameworksBuildPhase;
			buildActionMask = 2147483647;
			files = (
				B2F25F9427816DAB003D8E48 /* SDWebImage in Frameworks */,
				B2F25F9027816D73003D8E48 /* Toast in Frameworks */,
				B2F25F8C27816D50003D8E48 /* IQKeyboardManagerSwift in Frameworks */,
			);
			runOnlyForDeploymentPostprocessing = 0;
		};
/* End PBXFrameworksBuildPhase section */

/* Begin PBXGroup section */
		B2E6506227801D14001574B8 = {
			isa = PBXGroup;
			children = (
				B2E6506D27801D14001574B8 /* The Same  Search Apple Music */,
				B2E6506C27801D14001574B8 /* Products */,
			);
			sourceTree = "<group>";
		};
		B2E6506C27801D14001574B8 /* Products */ = {
			isa = PBXGroup;
			children = (
				B2E6506B27801D14001574B8 /* The Same  Search Apple Music.app */,
			);
			name = Products;
			sourceTree = "<group>";
		};
		B2E6506D27801D14001574B8 /* The Same  Search Apple Music */ = {
			isa = PBXGroup;
			children = (
				B2E6508627801D89001574B8 /* Delegate */,
				B2E6508427801D6B001574B8 /* Model */,
				B2E6509E27801E27001574B8 /* NetworkManger */,
				B2E6509527801DED001574B8 /* CustomViews */,
				B2E650A727801E4C001574B8 /* Controllers */,
				B2F25F9F278177BD003D8E48 /* StoryBoard */,
				B2E6508527801D72001574B8 /* Extension */,
				B2E6508D27801DBC001574B8 /* Utilities */,
				B2E6508C27801DAE001574B8 /* Supporting */,
			);
			path = "The Same  Search Apple Music";
			sourceTree = "<group>";
		};
		B2E6508427801D6B001574B8 /* Model */ = {
			isa = PBXGroup;
			children = (
				B2E650A327801E36001574B8 /* DataResult.swift */,
				B2E650A227801E36001574B8 /* SearchResult.swift */,
			);
			name = Model;
			sourceTree = "<group>";
		};
		B2E6508527801D72001574B8 /* Extension */ = {
			isa = PBXGroup;
			children = (
				B2F25F9827816E0B003D8E48 /* date+EXT.swift */,
				B2F25F9727816E0B003D8E48 /* string+EXT.swift */,
				B2E6508727801DA3001574B8 /* Helper+Ext.swift */,
				B2E6508827801DA3001574B8 /* UIView.swift */,
			);
			path = Extension;
			sourceTree = "<group>";
		};
		B2E6508627801D89001574B8 /* Delegate */ = {
			isa = PBXGroup;
			children = (
				B2E6506E27801D15001574B8 /* AppDelegate.swift */,
			);
			name = Delegate;
			sourceTree = "<group>";
		};
		B2E6508C27801DAE001574B8 /* Supporting */ = {
			isa = PBXGroup;
			children = (
				B2E6507727801D15001574B8 /* Assets.xcassets */,
				B2E6507927801D15001574B8 /* LaunchScreen.storyboard */,
				B2E6507C27801D15001574B8 /* Info.plist */,
			);
			name = Supporting;
			sourceTree = "<group>";
		};
		B2E6508D27801DBC001574B8 /* Utilities */ = {
			isa = PBXGroup;
			children = (
				B2E6508F27801DC4001574B8 /* BetterSnappingLayout.swift */,
				B2E6508E27801DC4001574B8 /* Constant.swift */,
				B2E6509027801DC4001574B8 /* ResoneError.swift */,
			);
			path = Utilities;
			sourceTree = "<group>";
		};
		B2E6509527801DED001574B8 /* CustomViews */ = {
			isa = PBXGroup;
			children = (
				B2E650C527801F09001574B8 /* SearchDetailsCell */,
				B2E650C827801F18001574B8 /* SearchCell */,
			);
			path = CustomViews;
			sourceTree = "<group>";
		};
		B2E6509E27801E27001574B8 /* NetworkManger */ = {
			isa = PBXGroup;
			children = (
				B2E6509F27801E2C001574B8 /* NetworkManger.swift */,
			);
			name = NetworkManger;
			sourceTree = "<group>";
		};
		B2E650A727801E4C001574B8 /* Controllers */ = {
			isa = PBXGroup;
			children = (
				B2E650B127801EC7001574B8 /* SearchDetails */,
				B2E650A827801EA1001574B8 /* SearchVC */,
			);
			name = Controllers;
			sourceTree = "<group>";
		};
		B2E650A827801EA1001574B8 /* SearchVC */ = {
			isa = PBXGroup;
			children = (
				B2E650A927801EAB001574B8 /* SearchVC.swift */,
				B2E650AA27801EAB001574B8 /* SearchVCSearchDelegate+Ext.swift */,
				B2E650AB27801EAB001574B8 /* SearchVCTableView+Ext.swift */,
			);
			path = SearchVC;
			sourceTree = "<group>";
		};
		B2E650B127801EC7001574B8 /* SearchDetails */ = {
			isa = PBXGroup;
			children = (
				B2E650B227801ED0001574B8 /* SearchDetails.swift */,
				B2E650B327801ED0001574B8 /* SearchDetailsCollectionView+Ext.swift */,
			);
			name = SearchDetails;
			sourceTree = "<group>";
		};
		B2E650C527801F09001574B8 /* SearchDetailsCell */ = {
			isa = PBXGroup;
			children = (
				B2E650BC27801EF9001574B8 /* SearchDetailsCell.swift */,
				B2E650BF27801EF9001574B8 /* SearchDetailsCell.xib */,
			);
			path = SearchDetailsCell;
			sourceTree = "<group>";
		};
		B2E650C827801F18001574B8 /* SearchCell */ = {
			isa = PBXGroup;
			children = (
				B2E650B727801EEF001574B8 /* SearchCell.swift */,
				B2E650B827801EEF001574B8 /* SearchCell.xib */,
			);
			path = SearchCell;
			sourceTree = "<group>";
		};
		B2F25F9F278177BD003D8E48 /* StoryBoard */ = {
			isa = PBXGroup;
			children = (
				B2E650D027801F52001574B8 /* Search.storyboard */,
			);
			name = StoryBoard;
			sourceTree = "<group>";
		};
/* End PBXGroup section */

/* Begin PBXNativeTarget section */
		B2E6506A27801D14001574B8 /* The Same  Search Apple Music */ = {
			isa = PBXNativeTarget;
			buildConfigurationList = B2E6507F27801D15001574B8 /* Build configuration list for PBXNativeTarget "The Same  Search Apple Music" */;
			buildPhases = (
				B2E6506727801D14001574B8 /* Sources */,
				B2E6506827801D14001574B8 /* Frameworks */,
				B2E6506927801D14001574B8 /* Resources */,
			);
			buildRules = (
			);
			dependencies = (
			);
			name = "The Same  Search Apple Music";
			packageProductDependencies = (
				B2F25F8B27816D50003D8E48 /* IQKeyboardManagerSwift */,
				B2F25F8F27816D73003D8E48 /* Toast */,
				B2F25F9327816DAB003D8E48 /* SDWebImage */,
			);
			productName = "The Same  Search Apple Music";
			productReference = B2E6506B27801D14001574B8 /* The Same  Search Apple Music.app */;
			productType = "com.apple.product-type.application";
		};
/* End PBXNativeTarget section */

/* Begin PBXProject section */
		B2E6506327801D14001574B8 /* Project object */ = {
			isa = PBXProject;
			attributes = {
				LastSwiftUpdateCheck = 1240;
				LastUpgradeCheck = 1240;
				TargetAttributes = {
					B2E6506A27801D14001574B8 = {
						CreatedOnToolsVersion = 12.4;
					};
				};
			};
			buildConfigurationList = B2E6506627801D14001574B8 /* Build configuration list for PBXProject "The Same  Search Apple Music" */;
			compatibilityVersion = "Xcode 9.3";
			developmentRegion = en;
			hasScannedForEncodings = 0;
			knownRegions = (
				en,
				Base,
			);
			mainGroup = B2E6506227801D14001574B8;
			packageReferences = (
				B2F25F8A27816D50003D8E48 /* XCRemoteSwiftPackageReference "IQKeyboardManager" */,
				B2F25F8E27816D73003D8E48 /* XCRemoteSwiftPackageReference "Toast-Swift" */,
				B2F25F9227816DAB003D8E48 /* XCRemoteSwiftPackageReference "SDWebImage" */,
			);
			productRefGroup = B2E6506C27801D14001574B8 /* Products */;
			projectDirPath = "";
			projectRoot = "";
			targets = (
				B2E6506A27801D14001574B8 /* The Same  Search Apple Music */,
			);
		};
/* End PBXProject section */

/* Begin PBXResourcesBuildPhase section */
		B2E6506927801D14001574B8 /* Resources */ = {
			isa = PBXResourcesBuildPhase;
			buildActionMask = 2147483647;
			files = (
				B2E6507B27801D15001574B8 /* LaunchScreen.storyboard in Resources */,
				B2E650C327801EF9001574B8 /* SearchDetailsCell.xib in Resources */,
				B2E650BA27801EEF001574B8 /* SearchCell.xib in Resources */,
				B2E6507827801D15001574B8 /* Assets.xcassets in Resources */,
				B2E650D127801F53001574B8 /* Search.storyboard in Resources */,
			);
			runOnlyForDeploymentPostprocessing = 0;
		};
/* End PBXResourcesBuildPhase section */

/* Begin PBXSourcesBuildPhase section */
		B2E6506727801D14001574B8 /* Sources */ = {
			isa = PBXSourcesBuildPhase;
			buildActionMask = 2147483647;
			files = (
				B2E650B427801ED0001574B8 /* SearchDetails.swift in Sources */,
				B2E650B927801EEF001574B8 /* SearchCell.swift in Sources */,
				B2E6508A27801DA4001574B8 /* UIView.swift in Sources */,
				B2E650AC27801EAB001574B8 /* SearchVC.swift in Sources */,
				B2E650A427801E36001574B8 /* SearchResult.swift in Sources */,
				B2E650C027801EF9001574B8 /* SearchDetailsCell.swift in Sources */,
				B2E650A027801E2C001574B8 /* NetworkManger.swift in Sources */,
				B2E6509127801DC4001574B8 /* Constant.swift in Sources */,
				B2E650AD27801EAB001574B8 /* SearchVCSearchDelegate+Ext.swift in Sources */,
				B2E650AE27801EAB001574B8 /* SearchVCTableView+Ext.swift in Sources */,
				B2E6509227801DC4001574B8 /* BetterSnappingLayout.swift in Sources */,
				B2F25F9927816E0B003D8E48 /* string+EXT.swift in Sources */,
				B2E6508927801DA4001574B8 /* Helper+Ext.swift in Sources */,
				B2E6509327801DC4001574B8 /* ResoneError.swift in Sources */,
				B2E650B527801ED0001574B8 /* SearchDetailsCollectionView+Ext.swift in Sources */,
				B2E650A527801E36001574B8 /* DataResult.swift in Sources */,
				B2E6506F27801D15001574B8 /* AppDelegate.swift in Sources */,
				B2F25F9A27816E0B003D8E48 /* date+EXT.swift in Sources */,
			);
			runOnlyForDeploymentPostprocessing = 0;
		};
/* End PBXSourcesBuildPhase section */

/* Begin PBXVariantGroup section */
		B2E6507927801D15001574B8 /* LaunchScreen.storyboard */ = {
			isa = PBXVariantGroup;
			children = (
				B2E6507A27801D15001574B8 /* Base */,
			);
			name = LaunchScreen.storyboard;
			sourceTree = "<group>";
		};
/* End PBXVariantGroup section */

/* Begin XCBuildConfiguration section */
		B2E6507D27801D15001574B8 /* Debug */ = {
			isa = XCBuildConfiguration;
			buildSettings = {
				ALWAYS_SEARCH_USER_PATHS = NO;
				CLANG_ANALYZER_NONNULL = YES;
				CLANG_ANALYZER_NUMBER_OBJECT_CONVERSION = YES_AGGRESSIVE;
				CLANG_CXX_LANGUAGE_STANDARD = "gnu++14";
				CLANG_CXX_LIBRARY = "libc++";
				CLANG_ENABLE_MODULES = YES;
				CLANG_ENABLE_OBJC_ARC = YES;
				CLANG_ENABLE_OBJC_WEAK = YES;
				CLANG_WARN_BLOCK_CAPTURE_AUTORELEASING = YES;
				CLANG_WARN_BOOL_CONVERSION = YES;
				CLANG_WARN_COMMA = YES;
				CLANG_WARN_CONSTANT_CONVERSION = YES;
				CLANG_WARN_DEPRECATED_OBJC_IMPLEMENTATIONS = YES;
				CLANG_WARN_DIRECT_OBJC_ISA_USAGE = YES_ERROR;
				CLANG_WARN_DOCUMENTATION_COMMENTS = YES;
				CLANG_WARN_EMPTY_BODY = YES;
				CLANG_WARN_ENUM_CONVERSION = YES;
				CLANG_WARN_INFINITE_RECURSION = YES;
				CLANG_WARN_INT_CONVERSION = YES;
				CLANG_WARN_NON_LITERAL_NULL_CONVERSION = YES;
				CLANG_WARN_OBJC_IMPLICIT_RETAIN_SELF = YES;
				CLANG_WARN_OBJC_LITERAL_CONVERSION = YES;
				CLANG_WARN_OBJC_ROOT_CLASS = YES_ERROR;
				CLANG_WARN_QUOTED_INCLUDE_IN_FRAMEWORK_HEADER = YES;
				CLANG_WARN_RANGE_LOOP_ANALYSIS = YES;
				CLANG_WARN_STRICT_PROTOTYPES = YES;
				CLANG_WARN_SUSPICIOUS_MOVE = YES;
				CLANG_WARN_UNGUARDED_AVAILABILITY = YES_AGGRESSIVE;
				CLANG_WARN_UNREACHABLE_CODE = YES;
				CLANG_WARN__DUPLICATE_METHOD_MATCH = YES;
				COPY_PHASE_STRIP = NO;
				DEBUG_INFORMATION_FORMAT = dwarf;
				ENABLE_STRICT_OBJC_MSGSEND = YES;
				ENABLE_TESTABILITY = YES;
				GCC_C_LANGUAGE_STANDARD = gnu11;
				GCC_DYNAMIC_NO_PIC = NO;
				GCC_NO_COMMON_BLOCKS = YES;
				GCC_OPTIMIZATION_LEVEL = 0;
				GCC_PREPROCESSOR_DEFINITIONS = (
					"DEBUG=1",
					"$(inherited)",
				);
				GCC_WARN_64_TO_32_BIT_CONVERSION = YES;
				GCC_WARN_ABOUT_RETURN_TYPE = YES_ERROR;
				GCC_WARN_UNDECLARED_SELECTOR = YES;
				GCC_WARN_UNINITIALIZED_AUTOS = YES_AGGRESSIVE;
				GCC_WARN_UNUSED_FUNCTION = YES;
				GCC_WARN_UNUSED_VARIABLE = YES;
				IPHONEOS_DEPLOYMENT_TARGET = 14.4;
				MTL_ENABLE_DEBUG_INFO = INCLUDE_SOURCE;
				MTL_FAST_MATH = YES;
				ONLY_ACTIVE_ARCH = YES;
				SDKROOT = iphoneos;
				SWIFT_ACTIVE_COMPILATION_CONDITIONS = DEBUG;
				SWIFT_OPTIMIZATION_LEVEL = "-Onone";
			};
			name = Debug;
		};
		B2E6507E27801D15001574B8 /* Release */ = {
			isa = XCBuildConfiguration;
			buildSettings = {
				ALWAYS_SEARCH_USER_PATHS = NO;
				CLANG_ANALYZER_NONNULL = YES;
				CLANG_ANALYZER_NUMBER_OBJECT_CONVERSION = YES_AGGRESSIVE;
				CLANG_CXX_LANGUAGE_STANDARD = "gnu++14";
				CLANG_CXX_LIBRARY = "libc++";
				CLANG_ENABLE_MODULES = YES;
				CLANG_ENABLE_OBJC_ARC = YES;
				CLANG_ENABLE_OBJC_WEAK = YES;
				CLANG_WARN_BLOCK_CAPTURE_AUTORELEASING = YES;
				CLANG_WARN_BOOL_CONVERSION = YES;
				CLANG_WARN_COMMA = YES;
				CLANG_WARN_CONSTANT_CONVERSION = YES;
				CLANG_WARN_DEPRECATED_OBJC_IMPLEMENTATIONS = YES;
				CLANG_WARN_DIRECT_OBJC_ISA_USAGE = YES_ERROR;
				CLANG_WARN_DOCUMENTATION_COMMENTS = YES;
				CLANG_WARN_EMPTY_BODY = YES;
				CLANG_WARN_ENUM_CONVERSION = YES;
				CLANG_WARN_INFINITE_RECURSION = YES;
				CLANG_WARN_INT_CONVERSION = YES;
				CLANG_WARN_NON_LITERAL_NULL_CONVERSION = YES;
				CLANG_WARN_OBJC_IMPLICIT_RETAIN_SELF = YES;
				CLANG_WARN_OBJC_LITERAL_CONVERSION = YES;
				CLANG_WARN_OBJC_ROOT_CLASS = YES_ERROR;
				CLANG_WARN_QUOTED_INCLUDE_IN_FRAMEWORK_HEADER = YES;
				CLANG_WARN_RANGE_LOOP_ANALYSIS = YES;
				CLANG_WARN_STRICT_PROTOTYPES = YES;
				CLANG_WARN_SUSPICIOUS_MOVE = YES;
				CLANG_WARN_UNGUARDED_AVAILABILITY = YES_AGGRESSIVE;
				CLANG_WARN_UNREACHABLE_CODE = YES;
				CLANG_WARN__DUPLICATE_METHOD_MATCH = YES;
				COPY_PHASE_STRIP = NO;
				DEBUG_INFORMATION_FORMAT = "dwarf-with-dsym";
				ENABLE_NS_ASSERTIONS = NO;
				ENABLE_STRICT_OBJC_MSGSEND = YES;
				GCC_C_LANGUAGE_STANDARD = gnu11;
				GCC_NO_COMMON_BLOCKS = YES;
				GCC_WARN_64_TO_32_BIT_CONVERSION = YES;
				GCC_WARN_ABOUT_RETURN_TYPE = YES_ERROR;
				GCC_WARN_UNDECLARED_SELECTOR = YES;
				GCC_WARN_UNINITIALIZED_AUTOS = YES_AGGRESSIVE;
				GCC_WARN_UNUSED_FUNCTION = YES;
				GCC_WARN_UNUSED_VARIABLE = YES;
				IPHONEOS_DEPLOYMENT_TARGET = 14.4;
				MTL_ENABLE_DEBUG_INFO = NO;
				MTL_FAST_MATH = YES;
				SDKROOT = iphoneos;
				SWIFT_COMPILATION_MODE = wholemodule;
				SWIFT_OPTIMIZATION_LEVEL = "-O";
				VALIDATE_PRODUCT = YES;
			};
			name = Release;
		};
		B2E6508027801D15001574B8 /* Debug */ = {
			isa = XCBuildConfiguration;
			buildSettings = {
				ASSETCATALOG_COMPILER_APPICON_NAME = AppIcon;
				ASSETCATALOG_COMPILER_GLOBAL_ACCENT_COLOR_NAME = AccentColor;
				CODE_SIGN_STYLE = Automatic;
				DEVELOPMENT_TEAM = L5U6M2GDVA;
				INFOPLIST_FILE = "The Same  Search Apple Music/Info.plist";
				LD_RUNPATH_SEARCH_PATHS = (
					"$(inherited)",
					"@executable_path/Frameworks",
				);
				PRODUCT_BUNDLE_IDENTIFIER = "HelleTomorrow.The-Same--Search-Apple-Music";
				PRODUCT_NAME = "$(TARGET_NAME)";
				SWIFT_VERSION = 5.0;
				TARGETED_DEVICE_FAMILY = "1,2";
			};
			name = Debug;
		};
		B2E6508127801D15001574B8 /* Release */ = {
			isa = XCBuildConfiguration;
			buildSettings = {
				ASSETCATALOG_COMPILER_APPICON_NAME = AppIcon;
				ASSETCATALOG_COMPILER_GLOBAL_ACCENT_COLOR_NAME = AccentColor;
				CODE_SIGN_STYLE = Automatic;
				DEVELOPMENT_TEAM = L5U6M2GDVA;
				INFOPLIST_FILE = "The Same  Search Apple Music/Info.plist";
				LD_RUNPATH_SEARCH_PATHS = (
					"$(inherited)",
					"@executable_path/Frameworks",
				);
				PRODUCT_BUNDLE_IDENTIFIER = "HelleTomorrow.The-Same--Search-Apple-Music";
				PRODUCT_NAME = "$(TARGET_NAME)";
				SWIFT_VERSION = 5.0;
				TARGETED_DEVICE_FAMILY = "1,2";
			};
			name = Release;
		};
/* End XCBuildConfiguration section */

/* Begin XCConfigurationList section */
		B2E6506627801D14001574B8 /* Build configuration list for PBXProject "The Same  Search Apple Music" */ = {
			isa = XCConfigurationList;
			buildConfigurations = (
				B2E6507D27801D15001574B8 /* Debug */,
				B2E6507E27801D15001574B8 /* Release */,
			);
			defaultConfigurationIsVisible = 0;
			defaultConfigurationName = Release;
		};
		B2E6507F27801D15001574B8 /* Build configuration list for PBXNativeTarget "The Same  Search Apple Music" */ = {
			isa = XCConfigurationList;
			buildConfigurations = (
				B2E6508027801D15001574B8 /* Debug */,
				B2E6508127801D15001574B8 /* Release */,
			);
			defaultConfigurationIsVisible = 0;
			defaultConfigurationName = Release;
		};
/* End XCConfigurationList section */

/* Begin XCRemoteSwiftPackageReference section */
		B2F25F8A27816D50003D8E48 /* XCRemoteSwiftPackageReference "IQKeyboardManager" */ = {
			isa = XCRemoteSwiftPackageReference;
			repositoryURL = "https://github.com/hackiftekhar/IQKeyboardManager";
			requirement = {
				kind = upToNextMajorVersion;
				minimumVersion = 6.5.9;
			};
		};
		B2F25F8E27816D73003D8E48 /* XCRemoteSwiftPackageReference "Toast-Swift" */ = {
			isa = XCRemoteSwiftPackageReference;
			repositoryURL = "https://github.com/scalessec/Toast-Swift";
			requirement = {
				kind = upToNextMajorVersion;
				minimumVersion = 5.0.1;
			};
		};
		B2F25F9227816DAB003D8E48 /* XCRemoteSwiftPackageReference "SDWebImage" */ = {
			isa = XCRemoteSwiftPackageReference;
			repositoryURL = "https://github.com/SDWebImage/SDWebImage";
			requirement = {
				kind = upToNextMajorVersion;
				minimumVersion = 5.12.2;
			};
		};
/* End XCRemoteSwiftPackageReference section */

/* Begin XCSwiftPackageProductDependency section */
		B2F25F8B27816D50003D8E48 /* IQKeyboardManagerSwift */ = {
			isa = XCSwiftPackageProductDependency;
			package = B2F25F8A27816D50003D8E48 /* XCRemoteSwiftPackageReference "IQKeyboardManager" */;
			productName = IQKeyboardManagerSwift;
		};
		B2F25F8F27816D73003D8E48 /* Toast */ = {
			isa = XCSwiftPackageProductDependency;
			package = B2F25F8E27816D73003D8E48 /* XCRemoteSwiftPackageReference "Toast-Swift" */;
			productName = Toast;
		};
		B2F25F9327816DAB003D8E48 /* SDWebImage */ = {
			isa = XCSwiftPackageProductDependency;
			package = B2F25F9227816DAB003D8E48 /* XCRemoteSwiftPackageReference "SDWebImage" */;
			productName = SDWebImage;
		};
/* End XCSwiftPackageProductDependency section */
	};
	rootObject = B2E6506327801D14001574B8 /* Project object */;
}
